
Microsoft Visual Studio Solution File, Format Version 12.00
# Visual Studio 15
VisualStudioVersion = 15.0.28307.572
MinimumVisualStudioVersion = 10.0.40219.1
Project("{FAE04EC0-301F-11D3-BF4B-00C04F79EFBC}") = "genelTekrar01", "genelTekrar01\genelTekrar01.csproj", "{545D74F6-9A40-4474-BCF9-F99748B2C9EB}"
EndProject
Global
	GlobalSection(SolutionConfigurationPlatforms) = preSolution
		Debug|Any CPU = Debug|Any CPU
		Release|Any CPU = Release|Any CPU
	EndGlobalSection
	GlobalSection(ProjectConfigurationPlatforms) = postSolution
		{545D74F6-9A40-4474-BCF9-F99748B2C9EB}.Debug|Any CPU.ActiveCfg = Debug|Any CPU
		{545D74F6-9A40-4474-BCF9-F99748B2C9EB}.Debug|Any CPU.Build.0 = Debug|Any CPU
		{545D74F6-9A40-4474-BCF9-F99748B2C9EB}.Release|Any CPU.ActiveCfg = Release|Any CPU
		{545D74F6-9A40-4474-BCF9-F99748B2C9EB}.Release|Any CPU.Build.0 = Release|Any CPU
	EndGlobalSection
	GlobalSection(SolutionProperties) = preSolution
		HideSolutionNode = FALSE
	EndGlobalSection
	GlobalSection(ExtensibilityGlobals) = postSolution
		SolutionGuid = {8F553460-3EBA-447C-B549-452FBD1368E5}
	EndGlobalSection
EndGlobal
